
Microsoft Visual Studio Solution File, Format Version 12.00
# Visual Studio Version 17
VisualStudioVersion = 17.4.33205.214
MinimumVisualStudioVersion = 10.0.40219.1
Project("{FAE04EC0-301F-11D3-BF4B-00C04F79EFBC}") = "UACSView", "UACSView\UACSView.csproj", "{5FD555CF-99F8-413B-B2F2-30D263DCA767}"
	ProjectSection(ProjectDependencies) = postProject
		{D3F6FF21-68B2-40E4-9D1C-603EB926C87C} = {D3F6FF21-68B2-40E4-9D1C-603EB926C87C}
		{3958EB30-FE44-4BD0-BA55-58805E56C17E} = {3958EB30-FE44-4BD0-BA55-58805E56C17E}
		{1ABB3661-E6D6-44EA-946D-64B5A4E2B88F} = {1ABB3661-E6D6-44EA-946D-64B5A4E2B88F}
	EndProjectSection
EndProject
Project("{FAE04EC0-301F-11D3-BF4B-00C04F79EFBC}") = "UACSDAL", "UACSDAL\UACSDAL.csproj", "{D3F6FF21-68B2-40E4-9D1C-603EB926C87C}"
EndProject
Project("{FAE04EC0-301F-11D3-BF4B-00C04F79EFBC}") = "UACSPopupForm", "UACSPopupForm\UACSPopupForm.csproj", "{3958EB30-FE44-4BD0-BA55-58805E56C17E}"
	ProjectSection(ProjectDependencies) = postProject
		{D3F6FF21-68B2-40E4-9D1C-603EB926C87C} = {D3F6FF21-68B2-40E4-9D1C-603EB926C87C}
	EndProjectSection
EndProject
Project("{FAE04EC0-301F-11D3-BF4B-00C04F79EFBC}") = "UACSControls", "UACSControls\UACSControls.csproj", "{1ABB3661-E6D6-44EA-946D-64B5A4E2B88F}"
EndProject
Project("{FAE04EC0-301F-11D3-BF4B-00C04F79EFBC}") = "ParkClassLibrary", "ParkClassLibrary\ParkClassLibrary.csproj", "{2EC69A15-9C22-4E66-8CD1-60EB77FBB252}"
EndProject
Project("{FAE04EC0-301F-11D3-BF4B-00C04F79EFBC}") = "ParkingControlLibrary", "ParkingControlLibrary\ParkingControlLibrary.csproj", "{DF19DBA8-C688-45C3-A07C-B429CD1D4EA0}"
EndProject
Project("{FAE04EC0-301F-11D3-BF4B-00C04F79EFBC}") = "Inventory", "Inventory\Inventory.csproj", "{AF0F5288-E15F-4A31-AC31-C7D592434B90}"
EndProject
Global
	GlobalSection(SolutionConfigurationPlatforms) = preSolution
		Debug|Any CPU = Debug|Any CPU
		Release|Any CPU = Release|Any CPU
	EndGlobalSection
	GlobalSection(ProjectConfigurationPlatforms) = postSolution
		{5FD555CF-99F8-413B-B2F2-30D263DCA767}.Debug|Any CPU.ActiveCfg = Debug|Any CPU
		{5FD555CF-99F8-413B-B2F2-30D263DCA767}.Debug|Any CPU.Build.0 = Debug|Any CPU
		{5FD555CF-99F8-413B-B2F2-30D263DCA767}.Release|Any CPU.ActiveCfg = Release|Any CPU
		{5FD555CF-99F8-413B-B2F2-30D263DCA767}.Release|Any CPU.Build.0 = Release|Any CPU
		{D3F6FF21-68B2-40E4-9D1C-603EB926C87C}.Debug|Any CPU.ActiveCfg = Debug|Any CPU
		{D3F6FF21-68B2-40E4-9D1C-603EB926C87C}.Debug|Any CPU.Build.0 = Debug|Any CPU
		{D3F6FF21-68B2-40E4-9D1C-603EB926C87C}.Release|Any CPU.ActiveCfg = Release|Any CPU
		{D3F6FF21-68B2-40E4-9D1C-603EB926C87C}.Release|Any CPU.Build.0 = Release|Any CPU
		{3958EB30-FE44-4BD0-BA55-58805E56C17E}.Debug|Any CPU.ActiveCfg = Debug|Any CPU
		{3958EB30-FE44-4BD0-BA55-58805E56C17E}.Debug|Any CPU.Build.0 = Debug|Any CPU
		{3958EB30-FE44-4BD0-BA55-58805E56C17E}.Release|Any CPU.ActiveCfg = Release|Any CPU
		{3958EB30-FE44-4BD0-BA55-58805E56C17E}.Release|Any CPU.Build.0 = Release|Any CPU
		{1ABB3661-E6D6-44EA-946D-64B5A4E2B88F}.Debug|Any CPU.ActiveCfg = Debug|Any CPU
		{1ABB3661-E6D6-44EA-946D-64B5A4E2B88F}.Debug|Any CPU.Build.0 = Debug|Any CPU
		{1ABB3661-E6D6-44EA-946D-64B5A4E2B88F}.Release|Any CPU.ActiveCfg = Release|Any CPU
		{1ABB3661-E6D6-44EA-946D-64B5A4E2B88F}.Release|Any CPU.Build.0 = Release|Any CPU
		{2EC69A15-9C22-4E66-8CD1-60EB77FBB252}.Debug|Any CPU.ActiveCfg = Debug|Any CPU
		{2EC69A15-9C22-4E66-8CD1-60EB77FBB252}.Debug|Any CPU.Build.0 = Debug|Any CPU
		{2EC69A15-9C22-4E66-8CD1-60EB77FBB252}.Release|Any CPU.ActiveCfg = Release|Any CPU
		{2EC69A15-9C22-4E66-8CD1-60EB77FBB252}.Release|Any CPU.Build.0 = Release|Any CPU
		{DF19DBA8-C688-45C3-A07C-B429CD1D4EA0}.Debug|Any CPU.ActiveCfg = Debug|Any CPU
		{DF19DBA8-C688-45C3-A07C-B429CD1D4EA0}.Debug|Any CPU.Build.0 = Debug|Any CPU
		{DF19DBA8-C688-45C3-A07C-B429CD1D4EA0}.Release|Any CPU.ActiveCfg = Release|Any CPU
		{DF19DBA8-C688-45C3-A07C-B429CD1D4EA0}.Release|Any CPU.Build.0 = Release|Any CPU
		{AF0F5288-E15F-4A31-AC31-C7D592434B90}.Debug|Any CPU.ActiveCfg = Debug|Any CPU
		{AF0F5288-E15F-4A31-AC31-C7D592434B90}.Debug|Any CPU.Build.0 = Debug|Any CPU
		{AF0F5288-E15F-4A31-AC31-C7D592434B90}.Release|Any CPU.ActiveCfg = Release|Any CPU
		{AF0F5288-E15F-4A31-AC31-C7D592434B90}.Release|Any CPU.Build.0 = Release|Any CPU
	EndGlobalSection
	GlobalSection(SolutionProperties) = preSolution
		HideSolutionNode = FALSE
	EndGlobalSection
	GlobalSection(ExtensibilityGlobals) = postSolution
		SolutionGuid = {4A361A83-58B7-4F3D-A370-F9418DB73D87}
	EndGlobalSection
EndGlobal
