
Microsoft Visual Studio Solution File, Format Version 12.00
# Visual Studio 14
VisualStudioVersion = 14.0.25420.1
MinimumVisualStudioVersion = 10.0.40219.1
Project("{FAE04EC0-301F-11D3-BF4B-00C04F79EFBC}") = "MODULES_OF_PREMIERE", "MODULES_OF_PREMIERE\MODULES_OF_PREMIERE.csproj", "{C23C9CFE-73C0-47CF-B194-33A2A69E3613}"
EndProject
Project("{FAE04EC0-301F-11D3-BF4B-00C04F79EFBC}") = "CONTROLS_OF_PREMIERE", "CONTROLS_OF_PREMIERE\CONTROLS_OF_PREMIERE.csproj", "{00DDF2BA-7A27-4AF1-AF78-867040E30954}"
EndProject
Project("{FAE04EC0-301F-11D3-BF4B-00C04F79EFBC}") = "HMI_OF_PREMIERE", "HMI_OF_PREMIERE\HMI_OF_PREMIERE.csproj", "{EE365A2A-1BB3-4C52-BCEE-409E076E11A5}"
EndProject
Global
	GlobalSection(SolutionConfigurationPlatforms) = preSolution
		Debug|Any CPU = Debug|Any CPU
		Release|Any CPU = Release|Any CPU
	EndGlobalSection
	GlobalSection(ProjectConfigurationPlatforms) = postSolution
		{C23C9CFE-73C0-47CF-B194-33A2A69E3613}.Debug|Any CPU.ActiveCfg = Debug|Any CPU
		{C23C9CFE-73C0-47CF-B194-33A2A69E3613}.Debug|Any CPU.Build.0 = Debug|Any CPU
		{C23C9CFE-73C0-47CF-B194-33A2A69E3613}.Release|Any CPU.ActiveCfg = Release|Any CPU
		{C23C9CFE-73C0-47CF-B194-33A2A69E3613}.Release|Any CPU.Build.0 = Release|Any CPU
		{00DDF2BA-7A27-4AF1-AF78-867040E30954}.Debug|Any CPU.ActiveCfg = Debug|Any CPU
		{00DDF2BA-7A27-4AF1-AF78-867040E30954}.Debug|Any CPU.Build.0 = Debug|Any CPU
		{00DDF2BA-7A27-4AF1-AF78-867040E30954}.Release|Any CPU.ActiveCfg = Release|Any CPU
		{00DDF2BA-7A27-4AF1-AF78-867040E30954}.Release|Any CPU.Build.0 = Release|Any CPU
		{EE365A2A-1BB3-4C52-BCEE-409E076E11A5}.Debug|Any CPU.ActiveCfg = Debug|Any CPU
		{EE365A2A-1BB3-4C52-BCEE-409E076E11A5}.Debug|Any CPU.Build.0 = Debug|Any CPU
		{EE365A2A-1BB3-4C52-BCEE-409E076E11A5}.Release|Any CPU.ActiveCfg = Release|Any CPU
		{EE365A2A-1BB3-4C52-BCEE-409E076E11A5}.Release|Any CPU.Build.0 = Release|Any CPU
	EndGlobalSection
	GlobalSection(SolutionProperties) = preSolution
		HideSolutionNode = FALSE
	EndGlobalSection
EndGlobal
